// !$*UTF8*$!
{
	archiveVersion = 1;
	classes = {
	};
	objectVersion = 77;
	objects = {

/* Begin PBXBuildFile section */
		7E66A2A42DA2DC990075E809 /* Carbon.framework in Frameworks */ = {isa = PBXBuildFile; fileRef = 7E66A2A32DA2DC990075E809 /* Carbon.framework */; };
		7EE0295E2D90A9120048EF67 /* OpenGL.framework in Frameworks */ = {isa = PBXBuildFile; fileRef = 7EE0295D2D90A9120048EF67 /* OpenGL.framework */; };
/* End PBXBuildFile section */

/* Begin PBXCopyFilesBuildPhase section */
		7EE028ED2D90A8200048EF67 /* CopyFiles */ = {
			isa = PBXCopyFilesBuildPhase;
			buildActionMask = 2147483647;
			dstPath = /usr/share/man/man1/;
			dstSubfolderSpec = 0;
			files = (
			);
			runOnlyForDeploymentPostprocessing = 1;
		};
/* End PBXCopyFilesBuildPhase section */

/* Begin PBXFileReference section */
		7E1675DA2D911E07002987AB /* c_cpp_properties.json */ = {isa = PBXFileReference; lastKnownFileType = text.json; path = c_cpp_properties.json; sourceTree = "<group>"; };
		7E1675DB2D911E4A002987AB /* launch.json */ = {isa = PBXFileReference; lastKnownFileType = text.json; path = launch.json; sourceTree = "<group>"; };
		7E1675DC2D911F2B002987AB /* tasks.json */ = {isa = PBXFileReference; lastKnownFileType = text.json; path = tasks.json; sourceTree = "<group>"; };
		7E16776A2D91F361002987AB /* CMakeLists.txt */ = {isa = PBXFileReference; lastKnownFileType = text; path = CMakeLists.txt; sourceTree = "<group>"; };
		7E66A2A32DA2DC990075E809 /* Carbon.framework */ = {isa = PBXFileReference; lastKnownFileType = wrapper.framework; name = Carbon.framework; path = System/Library/Frameworks/Carbon.framework; sourceTree = SDKROOT; };
		7EE028EF2D90A8200048EF67 /* ToyLib_Sample */ = {isa = PBXFileReference; explicitFileType = "compiled.mach-o.executable"; includeInIndex = 0; path = ToyLib_Sample; sourceTree = BUILT_PRODUCTS_DIR; };
		7EE0295D2D90A9120048EF67 /* OpenGL.framework */ = {isa = PBXFileReference; lastKnownFileType = wrapper.framework; name = OpenGL.framework; path = System/Library/Frameworks/OpenGL.framework; sourceTree = SDKROOT; };
/* End PBXFileReference section */

/* Begin PBXFileSystemSynchronizedRootGroup section */
		7EE028F12D90A8200048EF67 /* ToyLib_Sample */ = {
			isa = PBXFileSystemSynchronizedRootGroup;
			path = ToyLib_Sample;
			sourceTree = "<group>";
		};
/* End PBXFileSystemSynchronizedRootGroup section */

/* Begin PBXFrameworksBuildPhase section */
		7EE028EC2D90A8200048EF67 /* Frameworks */ = {
			isa = PBXFrameworksBuildPhase;
			buildActionMask = 2147483647;
			files = (
				7EE0295E2D90A9120048EF67 /* OpenGL.framework in Frameworks */,
				7E66A2A42DA2DC990075E809 /* Carbon.framework in Frameworks */,
			);
			runOnlyForDeploymentPostprocessing = 0;
		};
/* End PBXFrameworksBuildPhase section */

/* Begin PBXGroup section */
		7E1675D82D911D49002987AB /* vscode_templates */ = {
			isa = PBXGroup;
			children = (
				7E1675DC2D911F2B002987AB /* tasks.json */,
				7E1675DB2D911E4A002987AB /* launch.json */,
				7E1675DA2D911E07002987AB /* c_cpp_properties.json */,
			);
			path = vscode_templates;
			sourceTree = "<group>";
		};
		7E1675D92D911D49002987AB /* doc */ = {
			isa = PBXGroup;
			children = (
				7E16776B2D91F361002987AB /* cmake_templates */,
				7E1675D82D911D49002987AB /* vscode_templates */,
			);
			path = doc;
			sourceTree = "<group>";
		};
		7E16776B2D91F361002987AB /* cmake_templates */ = {
			isa = PBXGroup;
			children = (
				7E16776A2D91F361002987AB /* CMakeLists.txt */,
			);
			path = cmake_templates;
			sourceTree = "<group>";
		};
		7EE028E62D90A8200048EF67 = {
			isa = PBXGroup;
			children = (
				7E1675D92D911D49002987AB /* doc */,
				7EE028F12D90A8200048EF67 /* ToyLib_Sample */,
				7EE0295C2D90A9120048EF67 /* Frameworks */,
				7EE028F02D90A8200048EF67 /* Products */,
			);
			sourceTree = "<group>";
		};
		7EE028F02D90A8200048EF67 /* Products */ = {
			isa = PBXGroup;
			children = (
				7EE028EF2D90A8200048EF67 /* ToyLib_Sample */,
			);
			name = Products;
			sourceTree = "<group>";
		};
		7EE0295C2D90A9120048EF67 /* Frameworks */ = {
			isa = PBXGroup;
			children = (
				7E66A2A32DA2DC990075E809 /* Carbon.framework */,
				7EE0295D2D90A9120048EF67 /* OpenGL.framework */,
			);
			name = Frameworks;
			sourceTree = "<group>";
		};
/* End PBXGroup section */

/* Begin PBXNativeTarget section */
		7EE028EE2D90A8200048EF67 /* ToyLib_Sample */ = {
			isa = PBXNativeTarget;
			buildConfigurationList = 7EE028F62D90A8200048EF67 /* Build configuration list for PBXNativeTarget "ToyLib_Sample" */;
			buildPhases = (
				7EE028EB2D90A8200048EF67 /* Sources */,
				7EE028EC2D90A8200048EF67 /* Frameworks */,
				7EE028ED2D90A8200048EF67 /* CopyFiles */,
			);
			buildRules = (
			);
			dependencies = (
			);
			fileSystemSynchronizedGroups = (
				7EE028F12D90A8200048EF67 /* ToyLib_Sample */,
			);
			name = ToyLib_Sample;
			packageProductDependencies = (
			);
			productName = ToyLib_Sample;
			productReference = 7EE028EF2D90A8200048EF67 /* ToyLib_Sample */;
			productType = "com.apple.product-type.tool";
		};
/* End PBXNativeTarget section */

/* Begin PBXProject section */
		7EE028E72D90A8200048EF67 /* Project object */ = {
			isa = PBXProject;
			attributes = {
				BuildIndependentTargetsInParallel = 1;
				LastUpgradeCheck = 1620;
				TargetAttributes = {
					7EE028EE2D90A8200048EF67 = {
						CreatedOnToolsVersion = 16.2;
						LastSwiftMigration = 1630;
					};
				};
			};
			buildConfigurationList = 7EE028EA2D90A8200048EF67 /* Build configuration list for PBXProject "ToyLib_Sample" */;
			developmentRegion = en;
			hasScannedForEncodings = 0;
			knownRegions = (
				en,
				Base,
			);
			mainGroup = 7EE028E62D90A8200048EF67;
			minimizedProjectReferenceProxies = 1;
			preferredProjectObjectVersion = 77;
			productRefGroup = 7EE028F02D90A8200048EF67 /* Products */;
			projectDirPath = "";
			projectRoot = "";
			targets = (
				7EE028EE2D90A8200048EF67 /* ToyLib_Sample */,
			);
		};
/* End PBXProject section */

/* Begin PBXSourcesBuildPhase section */
		7EE028EB2D90A8200048EF67 /* Sources */ = {
			isa = PBXSourcesBuildPhase;
			buildActionMask = 2147483647;
			files = (
			);
			runOnlyForDeploymentPostprocessing = 0;
		};
/* End PBXSourcesBuildPhase section */

/* Begin XCBuildConfiguration section */
		7EE028F42D90A8200048EF67 /* Debug */ = {
			isa = XCBuildConfiguration;
			buildSettings = {
				ALWAYS_SEARCH_USER_PATHS = NO;
				ASSETCATALOG_COMPILER_GENERATE_SWIFT_ASSET_SYMBOL_EXTENSIONS = YES;
				CLANG_ANALYZER_NONNULL = YES;
				CLANG_ANALYZER_NUMBER_OBJECT_CONVERSION = YES_AGGRESSIVE;
				CLANG_CXX_LANGUAGE_STANDARD = "gnu++20";
				CLANG_ENABLE_MODULES = YES;
				CLANG_ENABLE_OBJC_ARC = YES;
				CLANG_ENABLE_OBJC_WEAK = YES;
				CLANG_WARN_BLOCK_CAPTURE_AUTORELEASING = YES;
				CLANG_WARN_BOOL_CONVERSION = YES;
				CLANG_WARN_COMMA = YES;
				CLANG_WARN_CONSTANT_CONVERSION = YES;
				CLANG_WARN_DEPRECATED_OBJC_IMPLEMENTATIONS = YES;
				CLANG_WARN_DIRECT_OBJC_ISA_USAGE = YES_ERROR;
				CLANG_WARN_DOCUMENTATION_COMMENTS = YES;
				CLANG_WARN_EMPTY_BODY = YES;
				CLANG_WARN_ENUM_CONVERSION = YES;
				CLANG_WARN_INFINITE_RECURSION = YES;
				CLANG_WARN_INT_CONVERSION = YES;
				CLANG_WARN_NON_LITERAL_NULL_CONVERSION = YES;
				CLANG_WARN_OBJC_IMPLICIT_RETAIN_SELF = YES;
				CLANG_WARN_OBJC_LITERAL_CONVERSION = YES;
				CLANG_WARN_OBJC_ROOT_CLASS = YES_ERROR;
				CLANG_WARN_QUOTED_INCLUDE_IN_FRAMEWORK_HEADER = YES;
				CLANG_WARN_RANGE_LOOP_ANALYSIS = YES;
				CLANG_WARN_STRICT_PROTOTYPES = YES;
				CLANG_WARN_SUSPICIOUS_MOVE = YES;
				CLANG_WARN_UNGUARDED_AVAILABILITY = YES_AGGRESSIVE;
				CLANG_WARN_UNREACHABLE_CODE = YES;
				CLANG_WARN__DUPLICATE_METHOD_MATCH = YES;
				COPY_PHASE_STRIP = NO;
				DEBUG_INFORMATION_FORMAT = dwarf;
				ENABLE_STRICT_OBJC_MSGSEND = YES;
				ENABLE_TESTABILITY = YES;
				ENABLE_USER_SCRIPT_SANDBOXING = YES;
				GCC_C_LANGUAGE_STANDARD = gnu17;
				GCC_DYNAMIC_NO_PIC = NO;
				GCC_NO_COMMON_BLOCKS = YES;
				GCC_OPTIMIZATION_LEVEL = 0;
				GCC_PREPROCESSOR_DEFINITIONS = (
					"DEBUG=1",
					"$(inherited)",
				);
				GCC_WARN_64_TO_32_BIT_CONVERSION = YES;
				GCC_WARN_ABOUT_RETURN_TYPE = YES_ERROR;
				GCC_WARN_UNDECLARED_SELECTOR = YES;
				GCC_WARN_UNINITIALIZED_AUTOS = YES_AGGRESSIVE;
				GCC_WARN_UNUSED_FUNCTION = YES;
				GCC_WARN_UNUSED_VARIABLE = YES;
				LOCALIZATION_PREFERS_STRING_CATALOGS = YES;
				MACOSX_DEPLOYMENT_TARGET = 15.2;
				MTL_ENABLE_DEBUG_INFO = INCLUDE_SOURCE;
				MTL_FAST_MATH = YES;
				ONLY_ACTIVE_ARCH = YES;
				SDKROOT = macosx;
			};
			name = Debug;
		};
		7EE028F52D90A8200048EF67 /* Release */ = {
			isa = XCBuildConfiguration;
			buildSettings = {
				ALWAYS_SEARCH_USER_PATHS = NO;
				ASSETCATALOG_COMPILER_GENERATE_SWIFT_ASSET_SYMBOL_EXTENSIONS = YES;
				CLANG_ANALYZER_NONNULL = YES;
				CLANG_ANALYZER_NUMBER_OBJECT_CONVERSION = YES_AGGRESSIVE;
				CLANG_CXX_LANGUAGE_STANDARD = "gnu++20";
				CLANG_ENABLE_MODULES = YES;
				CLANG_ENABLE_OBJC_ARC = YES;
				CLANG_ENABLE_OBJC_WEAK = YES;
				CLANG_WARN_BLOCK_CAPTURE_AUTORELEASING = YES;
				CLANG_WARN_BOOL_CONVERSION = YES;
				CLANG_WARN_COMMA = YES;
				CLANG_WARN_CONSTANT_CONVERSION = YES;
				CLANG_WARN_DEPRECATED_OBJC_IMPLEMENTATIONS = YES;
				CLANG_WARN_DIRECT_OBJC_ISA_USAGE = YES_ERROR;
				CLANG_WARN_DOCUMENTATION_COMMENTS = YES;
				CLANG_WARN_EMPTY_BODY = YES;
				CLANG_WARN_ENUM_CONVERSION = YES;
				CLANG_WARN_INFINITE_RECURSION = YES;
				CLANG_WARN_INT_CONVERSION = YES;
				CLANG_WARN_NON_LITERAL_NULL_CONVERSION = YES;
				CLANG_WARN_OBJC_IMPLICIT_RETAIN_SELF = YES;
				CLANG_WARN_OBJC_LITERAL_CONVERSION = YES;
				CLANG_WARN_OBJC_ROOT_CLASS = YES_ERROR;
				CLANG_WARN_QUOTED_INCLUDE_IN_FRAMEWORK_HEADER = YES;
				CLANG_WARN_RANGE_LOOP_ANALYSIS = YES;
				CLANG_WARN_STRICT_PROTOTYPES = YES;
				CLANG_WARN_SUSPICIOUS_MOVE = YES;
				CLANG_WARN_UNGUARDED_AVAILABILITY = YES_AGGRESSIVE;
				CLANG_WARN_UNREACHABLE_CODE = YES;
				CLANG_WARN__DUPLICATE_METHOD_MATCH = YES;
				COPY_PHASE_STRIP = NO;
				DEBUG_INFORMATION_FORMAT = "dwarf-with-dsym";
				ENABLE_NS_ASSERTIONS = NO;
				ENABLE_STRICT_OBJC_MSGSEND = YES;
				ENABLE_USER_SCRIPT_SANDBOXING = YES;
				GCC_C_LANGUAGE_STANDARD = gnu17;
				GCC_NO_COMMON_BLOCKS = YES;
				GCC_WARN_64_TO_32_BIT_CONVERSION = YES;
				GCC_WARN_ABOUT_RETURN_TYPE = YES_ERROR;
				GCC_WARN_UNDECLARED_SELECTOR = YES;
				GCC_WARN_UNINITIALIZED_AUTOS = YES_AGGRESSIVE;
				GCC_WARN_UNUSED_FUNCTION = YES;
				GCC_WARN_UNUSED_VARIABLE = YES;
				LOCALIZATION_PREFERS_STRING_CATALOGS = YES;
				MACOSX_DEPLOYMENT_TARGET = 15.2;
				MTL_ENABLE_DEBUG_INFO = NO;
				MTL_FAST_MATH = YES;
				SDKROOT = macosx;
			};
			name = Release;
		};
		7EE028F72D90A8200048EF67 /* Debug */ = {
			isa = XCBuildConfiguration;
			buildSettings = {
				CLANG_ENABLE_MODULES = YES;
				CODE_SIGN_STYLE = Automatic;
				HEADER_SEARCH_PATHS = (
					/opt/homebrew/include,
					/usr/local/include,
					"($SRCROOT)ToyLib_Sample/ToyLibCore/include",
				);
				LD_RUNPATH_SEARCH_PATHS = /usr/local/lib;
				LIBRARY_SEARCH_PATHS = (
					/opt/homebrew/lib,
					/usr/local/lib,
				);
				OTHER_LDFLAGS = (
					"-lglew",
					"-lassimp",
					"-lSDL2",
					"-lSDL2_image",
				);
				PRODUCT_NAME = "$(TARGET_NAME)";
				SWIFT_OPTIMIZATION_LEVEL = "-Onone";
				SWIFT_VERSION = 6.0;
			};
			name = Debug;
		};
		7EE028F82D90A8200048EF67 /* Release */ = {
			isa = XCBuildConfiguration;
			buildSettings = {
				CLANG_ENABLE_MODULES = YES;
				CODE_SIGN_STYLE = Automatic;
				HEADER_SEARCH_PATHS = (
					/opt/homebrew/include,
					/usr/local/include,
					"($SRCROOT)ToyLib_Sample/ToyLibCore/include",
				);
				LD_RUNPATH_SEARCH_PATHS = /usr/local/lib;
				LIBRARY_SEARCH_PATHS = (
					/opt/homebrew/lib,
					/usr/local/lib,
				);
				OTHER_LDFLAGS = (
					"-lglew",
					"-lassimp",
					"-lSDL2",
					"-lSDL2_image",
				);
				PRODUCT_NAME = "$(TARGET_NAME)";
				SWIFT_VERSION = 6.0;
			};
			name = Release;
		};
/* End XCBuildConfiguration section */

/* Begin XCConfigurationList section */
		7EE028EA2D90A8200048EF67 /* Build configuration list for PBXProject "ToyLib_Sample" */ = {
			isa = XCConfigurationList;
			buildConfigurations = (
				7EE028F42D90A8200048EF67 /* Debug */,
				7EE028F52D90A8200048EF67 /* Release */,
			);
			defaultConfigurationIsVisible = 0;
			defaultConfigurationName = Release;
		};
		7EE028F62D90A8200048EF67 /* Build configuration list for PBXNativeTarget "ToyLib_Sample" */ = {
			isa = XCConfigurationList;
			buildConfigurations = (
				7EE028F72D90A8200048EF67 /* Debug */,
				7EE028F82D90A8200048EF67 /* Release */,
			);
			defaultConfigurationIsVisible = 0;
			defaultConfigurationName = Release;
		};
/* End XCConfigurationList section */
	};
	rootObject = 7EE028E72D90A8200048EF67 /* Project object */;
}
